
Microsoft Visual Studio Solution File, Format Version 12.00
# Visual Studio Version 17
VisualStudioVersion = 17.4.33213.308
MinimumVisualStudioVersion = 10.0.40219.1
Project("{FAE04EC0-301F-11D3-BF4B-00C04F79EFBC}") = "ntas", "ntas.csproj", "{98379093-ED1C-487E-8F87-0F16986F6842}"
EndProject
Global
	GlobalSection(SolutionConfigurationPlatforms) = preSolution
		Debug|Any CPU = Debug|Any CPU
		Release|Any CPU = Release|Any CPU
	EndGlobalSection
	GlobalSection(ProjectConfigurationPlatforms) = postSolution
		{98379093-ED1C-487E-8F87-0F16986F6842}.Debug|Any CPU.ActiveCfg = Debug|Any CPU
		{98379093-ED1C-487E-8F87-0F16986F6842}.Debug|Any CPU.Build.0 = Debug|Any CPU
		{98379093-ED1C-487E-8F87-0F16986F6842}.Release|Any CPU.ActiveCfg = Release|Any CPU
		{98379093-ED1C-487E-8F87-0F16986F6842}.Release|Any CPU.Build.0 = Release|Any CPU
	EndGlobalSection
	GlobalSection(SolutionProperties) = preSolution
		HideSolutionNode = FALSE
	EndGlobalSection
	GlobalSection(ExtensibilityGlobals) = postSolution
		SolutionGuid = {161E1D22-16A2-420F-9589-2C144344FD81}
	EndGlobalSection
EndGlobal
